
Microsoft Visual Studio Solution File, Format Version 12.00
# Visual Studio Version 16
VisualStudioVersion = 16.0.31112.23
MinimumVisualStudioVersion = 10.0.40219.1
Project("{9A19103F-16F7-4668-BE54-9A1E7A4F7556}") = "1", "1\1.csproj", "{B987DFAA-4B49-4D90-B43F-03F8520E01E7}"
EndProject
Project("{9A19103F-16F7-4668-BE54-9A1E7A4F7556}") = "2", "2\2.csproj", "{8EBBD30D-4C07-4C34-A604-86C719D8B785}"
EndProject
Project("{9A19103F-16F7-4668-BE54-9A1E7A4F7556}") = "3", "3\3.csproj", "{42B5C9EB-2C05-477E-8E43-374A2687CD9A}"
EndProject
Project("{9A19103F-16F7-4668-BE54-9A1E7A4F7556}") = "5", "5\5.csproj", "{A8E3392A-3995-4256-81C2-6959CC8EA0B6}"
EndProject
Project("{9A19103F-16F7-4668-BE54-9A1E7A4F7556}") = "6", "6\6.csproj", "{EEBEDD56-FCD5-4B28-A5B5-F1239B4E974E}"
EndProject
Project("{9A19103F-16F7-4668-BE54-9A1E7A4F7556}") = "7", "7\7.csproj", "{7DBCA579-DE26-498E-8484-6F8FE6A66F54}"
EndProject
Project("{9A19103F-16F7-4668-BE54-9A1E7A4F7556}") = "8", "8\8.csproj", "{F1B5CEA1-EC51-4276-B206-DB292DEBD933}"
EndProject
Project("{9A19103F-16F7-4668-BE54-9A1E7A4F7556}") = "10", "9\10.csproj", "{3B3DE716-0812-4AD6-B31F-E0E6DEB2FDBD}"
EndProject
Project("{9A19103F-16F7-4668-BE54-9A1E7A4F7556}") = "4", "4\4.csproj", "{915A0AF8-7321-4C13-8A60-32B9321FB1CF}"
EndProject
Project("{9A19103F-16F7-4668-BE54-9A1E7A4F7556}") = "9", "9\9.csproj", "{88207CC0-E126-4C29-A1AE-95CC94896DCD}"
EndProject
Project("{9A19103F-16F7-4668-BE54-9A1E7A4F7556}") = "Lab_10", "Lab_10\Lab_10.csproj", "{CD38F8FC-8C02-4BFC-8C3E-014C2261C4AA}"
EndProject
Project("{FAE04EC0-301F-11D3-BF4B-00C04F79EFBC}") = "Test", "Test\Test.csproj", "{19BBC242-EFB5-45A3-855F-ECF49D404897}"
EndProject
Global
	GlobalSection(SolutionConfigurationPlatforms) = preSolution
		Debug|Any CPU = Debug|Any CPU
		Release|Any CPU = Release|Any CPU
	EndGlobalSection
	GlobalSection(ProjectConfigurationPlatforms) = postSolution
		{B987DFAA-4B49-4D90-B43F-03F8520E01E7}.Debug|Any CPU.ActiveCfg = Debug|Any CPU
		{B987DFAA-4B49-4D90-B43F-03F8520E01E7}.Debug|Any CPU.Build.0 = Debug|Any CPU
		{B987DFAA-4B49-4D90-B43F-03F8520E01E7}.Release|Any CPU.ActiveCfg = Release|Any CPU
		{B987DFAA-4B49-4D90-B43F-03F8520E01E7}.Release|Any CPU.Build.0 = Release|Any CPU
		{8EBBD30D-4C07-4C34-A604-86C719D8B785}.Debug|Any CPU.ActiveCfg = Debug|Any CPU
		{8EBBD30D-4C07-4C34-A604-86C719D8B785}.Debug|Any CPU.Build.0 = Debug|Any CPU
		{8EBBD30D-4C07-4C34-A604-86C719D8B785}.Release|Any CPU.ActiveCfg = Release|Any CPU
		{8EBBD30D-4C07-4C34-A604-86C719D8B785}.Release|Any CPU.Build.0 = Release|Any CPU
		{42B5C9EB-2C05-477E-8E43-374A2687CD9A}.Debug|Any CPU.ActiveCfg = Debug|Any CPU
		{42B5C9EB-2C05-477E-8E43-374A2687CD9A}.Debug|Any CPU.Build.0 = Debug|Any CPU
		{42B5C9EB-2C05-477E-8E43-374A2687CD9A}.Release|Any CPU.ActiveCfg = Release|Any CPU
		{42B5C9EB-2C05-477E-8E43-374A2687CD9A}.Release|Any CPU.Build.0 = Release|Any CPU
		{A8E3392A-3995-4256-81C2-6959CC8EA0B6}.Debug|Any CPU.ActiveCfg = Debug|Any CPU
		{A8E3392A-3995-4256-81C2-6959CC8EA0B6}.Debug|Any CPU.Build.0 = Debug|Any CPU
		{A8E3392A-3995-4256-81C2-6959CC8EA0B6}.Release|Any CPU.ActiveCfg = Release|Any CPU
		{A8E3392A-3995-4256-81C2-6959CC8EA0B6}.Release|Any CPU.Build.0 = Release|Any CPU
		{EEBEDD56-FCD5-4B28-A5B5-F1239B4E974E}.Debug|Any CPU.ActiveCfg = Debug|Any CPU
		{EEBEDD56-FCD5-4B28-A5B5-F1239B4E974E}.Debug|Any CPU.Build.0 = Debug|Any CPU
		{EEBEDD56-FCD5-4B28-A5B5-F1239B4E974E}.Release|Any CPU.ActiveCfg = Release|Any CPU
		{EEBEDD56-FCD5-4B28-A5B5-F1239B4E974E}.Release|Any CPU.Build.0 = Release|Any CPU
		{7DBCA579-DE26-498E-8484-6F8FE6A66F54}.Debug|Any CPU.ActiveCfg = Debug|Any CPU
		{7DBCA579-DE26-498E-8484-6F8FE6A66F54}.Debug|Any CPU.Build.0 = Debug|Any CPU
		{7DBCA579-DE26-498E-8484-6F8FE6A66F54}.Release|Any CPU.ActiveCfg = Release|Any CPU
		{7DBCA579-DE26-498E-8484-6F8FE6A66F54}.Release|Any CPU.Build.0 = Release|Any CPU
		{F1B5CEA1-EC51-4276-B206-DB292DEBD933}.Debug|Any CPU.ActiveCfg = Debug|Any CPU
		{F1B5CEA1-EC51-4276-B206-DB292DEBD933}.Debug|Any CPU.Build.0 = Debug|Any CPU
		{F1B5CEA1-EC51-4276-B206-DB292DEBD933}.Release|Any CPU.ActiveCfg = Release|Any CPU
		{F1B5CEA1-EC51-4276-B206-DB292DEBD933}.Release|Any CPU.Build.0 = Release|Any CPU
		{3B3DE716-0812-4AD6-B31F-E0E6DEB2FDBD}.Debug|Any CPU.ActiveCfg = Debug|Any CPU
		{3B3DE716-0812-4AD6-B31F-E0E6DEB2FDBD}.Debug|Any CPU.Build.0 = Debug|Any CPU
		{3B3DE716-0812-4AD6-B31F-E0E6DEB2FDBD}.Release|Any CPU.ActiveCfg = Release|Any CPU
		{3B3DE716-0812-4AD6-B31F-E0E6DEB2FDBD}.Release|Any CPU.Build.0 = Release|Any CPU
		{915A0AF8-7321-4C13-8A60-32B9321FB1CF}.Debug|Any CPU.ActiveCfg = Debug|Any CPU
		{915A0AF8-7321-4C13-8A60-32B9321FB1CF}.Debug|Any CPU.Build.0 = Debug|Any CPU
		{915A0AF8-7321-4C13-8A60-32B9321FB1CF}.Release|Any CPU.ActiveCfg = Release|Any CPU
		{915A0AF8-7321-4C13-8A60-32B9321FB1CF}.Release|Any CPU.Build.0 = Release|Any CPU
		{88207CC0-E126-4C29-A1AE-95CC94896DCD}.Debug|Any CPU.ActiveCfg = Debug|Any CPU
		{88207CC0-E126-4C29-A1AE-95CC94896DCD}.Debug|Any CPU.Build.0 = Debug|Any CPU
		{88207CC0-E126-4C29-A1AE-95CC94896DCD}.Release|Any CPU.ActiveCfg = Release|Any CPU
		{88207CC0-E126-4C29-A1AE-95CC94896DCD}.Release|Any CPU.Build.0 = Release|Any CPU
		{CD38F8FC-8C02-4BFC-8C3E-014C2261C4AA}.Debug|Any CPU.ActiveCfg = Debug|Any CPU
		{CD38F8FC-8C02-4BFC-8C3E-014C2261C4AA}.Debug|Any CPU.Build.0 = Debug|Any CPU
		{CD38F8FC-8C02-4BFC-8C3E-014C2261C4AA}.Release|Any CPU.ActiveCfg = Release|Any CPU
		{CD38F8FC-8C02-4BFC-8C3E-014C2261C4AA}.Release|Any CPU.Build.0 = Release|Any CPU
		{19BBC242-EFB5-45A3-855F-ECF49D404897}.Debug|Any CPU.ActiveCfg = Debug|Any CPU
		{19BBC242-EFB5-45A3-855F-ECF49D404897}.Debug|Any CPU.Build.0 = Debug|Any CPU
		{19BBC242-EFB5-45A3-855F-ECF49D404897}.Release|Any CPU.ActiveCfg = Release|Any CPU
		{19BBC242-EFB5-45A3-855F-ECF49D404897}.Release|Any CPU.Build.0 = Release|Any CPU
	EndGlobalSection
	GlobalSection(SolutionProperties) = preSolution
		HideSolutionNode = FALSE
	EndGlobalSection
	GlobalSection(ExtensibilityGlobals) = postSolution
		SolutionGuid = {D3E62A93-3987-4B3A-B49E-45E5EFC6DD39}
	EndGlobalSection
EndGlobal
